<?xml version="1.0" encoding="utf-8"?>
<Project ToolsVersion="16.0" xmlns="http://schemas.microsoft.com/developer/msbuild/2003">
  <ItemGroup>
    <ClCompile Include="C:\Pro\projects\adelaria-backend\NoahGameFrame\Dependencies\navigation\DetourAlloc.cpp">
      <Filter>Source Files</Filter>
    </ClCompile>
    <ClCompile Include="C:\Pro\projects\adelaria-backend\NoahGameFrame\Dependencies\navigation\DetourCommon.cpp">
      <Filter>Source Files</Filter>
    </ClCompile>
    <ClCompile Include="C:\Pro\projects\adelaria-backend\NoahGameFrame\Dependencies\navigation\DetourCrowd.cpp">
      <Filter>Source Files</Filter>
    </ClCompile>
    <ClCompile Include="C:\Pro\projects\adelaria-backend\NoahGameFrame\Dependencies\navigation\DetourLocalBoundary.cpp">
      <Filter>Source Files</Filter>
    </ClCompile>
    <ClCompile Include="C:\Pro\projects\adelaria-backend\NoahGameFrame\Dependencies\navigation\DetourNavMesh.cpp">
      <Filter>Source Files</Filter>
    </ClCompile>
    <ClCompile Include="C:\Pro\projects\adelaria-backend\NoahGameFrame\Dependencies\navigation\DetourNavMeshBuilder.cpp">
      <Filter>Source Files</Filter>
    </ClCompile>
    <ClCompile Include="C:\Pro\projects\adelaria-backend\NoahGameFrame\Dependencies\navigation\DetourNavMeshQuery.cpp">
      <Filter>Source Files</Filter>
    </ClCompile>
    <ClCompile Include="C:\Pro\projects\adelaria-backend\NoahGameFrame\Dependencies\navigation\DetourNode.cpp">
      <Filter>Source Files</Filter>
    </ClCompile>
    <ClCompile Include="C:\Pro\projects\adelaria-backend\NoahGameFrame\Dependencies\navigation\DetourObstacleAvoidance.cpp">
      <Filter>Source Files</Filter>
    </ClCompile>
    <ClCompile Include="C:\Pro\projects\adelaria-backend\NoahGameFrame\Dependencies\navigation\DetourPathCorridor.cpp">
      <Filter>Source Files</Filter>
    </ClCompile>
    <ClCompile Include="C:\Pro\projects\adelaria-backend\NoahGameFrame\Dependencies\navigation\DetourPathQueue.cpp">
      <Filter>Source Files</Filter>
    </ClCompile>
    <ClCompile Include="C:\Pro\projects\adelaria-backend\NoahGameFrame\Dependencies\navigation\DetourProximityGrid.cpp">
      <Filter>Source Files</Filter>
    </ClCompile>
    <ClCompile Include="C:\Pro\projects\adelaria-backend\NoahGameFrame\Dependencies\navigation\DetourTileCache.cpp">
      <Filter>Source Files</Filter>
    </ClCompile>
    <ClCompile Include="C:\Pro\projects\adelaria-backend\NoahGameFrame\Dependencies\navigation\DetourTileCacheBuilder.cpp">
      <Filter>Source Files</Filter>
    </ClCompile>
    <ClCompile Include="C:\Pro\projects\adelaria-backend\NoahGameFrame\Dependencies\navigation\Recast.cpp">
      <Filter>Source Files</Filter>
    </ClCompile>
    <ClCompile Include="C:\Pro\projects\adelaria-backend\NoahGameFrame\Dependencies\navigation\RecastAlloc.cpp">
      <Filter>Source Files</Filter>
    </ClCompile>
    <ClCompile Include="C:\Pro\projects\adelaria-backend\NoahGameFrame\Dependencies\navigation\RecastArea.cpp">
      <Filter>Source Files</Filter>
    </ClCompile>
    <ClCompile Include="C:\Pro\projects\adelaria-backend\NoahGameFrame\Dependencies\navigation\RecastContour.cpp">
      <Filter>Source Files</Filter>
    </ClCompile>
    <ClCompile Include="C:\Pro\projects\adelaria-backend\NoahGameFrame\Dependencies\navigation\RecastFilter.cpp">
      <Filter>Source Files</Filter>
    </ClCompile>
    <ClCompile Include="C:\Pro\projects\adelaria-backend\NoahGameFrame\Dependencies\navigation\RecastLayers.cpp">
      <Filter>Source Files</Filter>
    </ClCompile>
    <ClCompile Include="C:\Pro\projects\adelaria-backend\NoahGameFrame\Dependencies\navigation\RecastMesh.cpp">
      <Filter>Source Files</Filter>
    </ClCompile>
    <ClCompile Include="C:\Pro\projects\adelaria-backend\NoahGameFrame\Dependencies\navigation\RecastMeshDetail.cpp">
      <Filter>Source Files</Filter>
    </ClCompile>
    <ClCompile Include="C:\Pro\projects\adelaria-backend\NoahGameFrame\Dependencies\navigation\RecastRasterization.cpp">
      <Filter>Source Files</Filter>
    </ClCompile>
    <ClCompile Include="C:\Pro\projects\adelaria-backend\NoahGameFrame\Dependencies\navigation\RecastRegion.cpp">
      <Filter>Source Files</Filter>
    </ClCompile>
  </ItemGroup>
  <ItemGroup>
    <ClInclude Include="C:\Pro\projects\adelaria-backend\NoahGameFrame\Dependencies\navigation\DetourAlloc.h">
      <Filter>Header Files</Filter>
    </ClInclude>
    <ClInclude Include="C:\Pro\projects\adelaria-backend\NoahGameFrame\Dependencies\navigation\DetourAssert.h">
      <Filter>Header Files</Filter>
    </ClInclude>
    <ClInclude Include="C:\Pro\projects\adelaria-backend\NoahGameFrame\Dependencies\navigation\DetourCommon.h">
      <Filter>Header Files</Filter>
    </ClInclude>
    <ClInclude Include="C:\Pro\projects\adelaria-backend\NoahGameFrame\Dependencies\navigation\DetourCrowd.h">
      <Filter>Header Files</Filter>
    </ClInclude>
    <ClInclude Include="C:\Pro\projects\adelaria-backend\NoahGameFrame\Dependencies\navigation\DetourLocalBoundary.h">
      <Filter>Header Files</Filter>
    </ClInclude>
    <ClInclude Include="C:\Pro\projects\adelaria-backend\NoahGameFrame\Dependencies\navigation\DetourMath.h">
      <Filter>Header Files</Filter>
    </ClInclude>
    <ClInclude Include="C:\Pro\projects\adelaria-backend\NoahGameFrame\Dependencies\navigation\DetourNavMesh.h">
      <Filter>Header Files</Filter>
    </ClInclude>
    <ClInclude Include="C:\Pro\projects\adelaria-backend\NoahGameFrame\Dependencies\navigation\DetourNavMeshBuilder.h">
      <Filter>Header Files</Filter>
    </ClInclude>
    <ClInclude Include="C:\Pro\projects\adelaria-backend\NoahGameFrame\Dependencies\navigation\DetourNavMeshQuery.h">
      <Filter>Header Files</Filter>
    </ClInclude>
    <ClInclude Include="C:\Pro\projects\adelaria-backend\NoahGameFrame\Dependencies\navigation\DetourNode.h">
      <Filter>Header Files</Filter>
    </ClInclude>
    <ClInclude Include="C:\Pro\projects\adelaria-backend\NoahGameFrame\Dependencies\navigation\DetourObstacleAvoidance.h">
      <Filter>Header Files</Filter>
    </ClInclude>
    <ClInclude Include="C:\Pro\projects\adelaria-backend\NoahGameFrame\Dependencies\navigation\DetourPathCorridor.h">
      <Filter>Header Files</Filter>
    </ClInclude>
    <ClInclude Include="C:\Pro\projects\adelaria-backend\NoahGameFrame\Dependencies\navigation\DetourPathQueue.h">
      <Filter>Header Files</Filter>
    </ClInclude>
    <ClInclude Include="C:\Pro\projects\adelaria-backend\NoahGameFrame\Dependencies\navigation\DetourProximityGrid.h">
      <Filter>Header Files</Filter>
    </ClInclude>
    <ClInclude Include="C:\Pro\projects\adelaria-backend\NoahGameFrame\Dependencies\navigation\DetourStatus.h">
      <Filter>Header Files</Filter>
    </ClInclude>
    <ClInclude Include="C:\Pro\projects\adelaria-backend\NoahGameFrame\Dependencies\navigation\DetourTileCache.h">
      <Filter>Header Files</Filter>
    </ClInclude>
    <ClInclude Include="C:\Pro\projects\adelaria-backend\NoahGameFrame\Dependencies\navigation\DetourTileCacheBuilder.h">
      <Filter>Header Files</Filter>
    </ClInclude>
    <ClInclude Include="C:\Pro\projects\adelaria-backend\NoahGameFrame\Dependencies\navigation\Recast.h">
      <Filter>Header Files</Filter>
    </ClInclude>
    <ClInclude Include="C:\Pro\projects\adelaria-backend\NoahGameFrame\Dependencies\navigation\RecastAlloc.h">
      <Filter>Header Files</Filter>
    </ClInclude>
    <ClInclude Include="C:\Pro\projects\adelaria-backend\NoahGameFrame\Dependencies\navigation\RecastAssert.h">
      <Filter>Header Files</Filter>
    </ClInclude>
  </ItemGroup>
  <ItemGroup>
    <CustomBuild Include="C:\Pro\projects\adelaria-backend\NoahGameFrame\Dependencies\navigation\CMakeLists.txt" />
  </ItemGroup>
  <ItemGroup>
    <Filter Include="Header Files">
      <UniqueIdentifier>{126EBB5F-3AC9-33A4-8919-14446CA29346}</UniqueIdentifier>
    </Filter>
    <Filter Include="Source Files">
      <UniqueIdentifier>{32BF32AE-7BCF-3D0B-B9C9-83E3F6E86F82}</UniqueIdentifier>
    </Filter>
  </ItemGroup>
</Project>
