<?xml version="1.0" encoding="utf-8"?>
<Project ToolsVersion="16.0" xmlns="http://schemas.microsoft.com/developer/msbuild/2003">
  <ItemGroup>
    <ClCompile Include="C:\Pro\projects\adelaria-backend\NoahGameFrame\NFComm\NFCore\NFException.cpp">
      <Filter>Source Files</Filter>
    </ClCompile>
    <ClCompile Include="C:\Pro\projects\adelaria-backend\NoahGameFrame\NFComm\NFCore\NFMemoryCounter.cpp">
      <Filter>Source Files</Filter>
    </ClCompile>
    <ClCompile Include="C:\Pro\projects\adelaria-backend\NoahGameFrame\NFComm\NFCore\NFObject.cpp">
      <Filter>Source Files</Filter>
    </ClCompile>
    <ClCompile Include="C:\Pro\projects\adelaria-backend\NoahGameFrame\NFComm\NFCore\NFProperty.cpp">
      <Filter>Source Files</Filter>
    </ClCompile>
    <ClCompile Include="C:\Pro\projects\adelaria-backend\NoahGameFrame\NFComm\NFCore\NFPropertyManager.cpp">
      <Filter>Source Files</Filter>
    </ClCompile>
    <ClCompile Include="C:\Pro\projects\adelaria-backend\NoahGameFrame\NFComm\NFCore\NFRecord.cpp">
      <Filter>Source Files</Filter>
    </ClCompile>
    <ClCompile Include="C:\Pro\projects\adelaria-backend\NoahGameFrame\NFComm\NFCore\NFRecordManager.cpp">
      <Filter>Source Files</Filter>
    </ClCompile>
    <ClCompile Include="C:\Pro\projects\adelaria-backend\NoahGameFrame\NFComm\NFCore\easylogging++.cc">
      <Filter>Source Files</Filter>
    </ClCompile>
  </ItemGroup>
  <ItemGroup>
    <ClInclude Include="C:\Pro\projects\adelaria-backend\NoahGameFrame\NFComm\NFCore\NFIObject.h">
      <Filter>Header Files</Filter>
    </ClInclude>
    <ClInclude Include="C:\Pro\projects\adelaria-backend\NoahGameFrame\NFComm\NFCore\NFIProperty.h">
      <Filter>Header Files</Filter>
    </ClInclude>
    <ClInclude Include="C:\Pro\projects\adelaria-backend\NoahGameFrame\NFComm\NFCore\NFIPropertyManager.h">
      <Filter>Header Files</Filter>
    </ClInclude>
    <ClInclude Include="C:\Pro\projects\adelaria-backend\NoahGameFrame\NFComm\NFCore\NFIRecord.h">
      <Filter>Header Files</Filter>
    </ClInclude>
    <ClInclude Include="C:\Pro\projects\adelaria-backend\NoahGameFrame\NFComm\NFCore\NFIRecordManager.h">
      <Filter>Header Files</Filter>
    </ClInclude>
    <ClInclude Include="C:\Pro\projects\adelaria-backend\NoahGameFrame\NFComm\NFCore\NFMemoryCounter.h">
      <Filter>Header Files</Filter>
    </ClInclude>
    <ClInclude Include="C:\Pro\projects\adelaria-backend\NoahGameFrame\NFComm\NFCore\NFObject.h">
      <Filter>Header Files</Filter>
    </ClInclude>
    <ClInclude Include="C:\Pro\projects\adelaria-backend\NoahGameFrame\NFComm\NFCore\NFProperty.h">
      <Filter>Header Files</Filter>
    </ClInclude>
    <ClInclude Include="C:\Pro\projects\adelaria-backend\NoahGameFrame\NFComm\NFCore\NFPropertyManager.h">
      <Filter>Header Files</Filter>
    </ClInclude>
    <ClInclude Include="C:\Pro\projects\adelaria-backend\NoahGameFrame\NFComm\NFCore\NFRecord.h">
      <Filter>Header Files</Filter>
    </ClInclude>
    <ClInclude Include="C:\Pro\projects\adelaria-backend\NoahGameFrame\NFComm\NFCore\NFRecordManager.h">
      <Filter>Header Files</Filter>
    </ClInclude>
    <ClInclude Include="C:\Pro\projects\adelaria-backend\NoahGameFrame\NFComm\NFCore\easylogging++.h">
      <Filter>Header Files</Filter>
    </ClInclude>
  </ItemGroup>
  <ItemGroup>
    <CustomBuild Include="C:\Pro\projects\adelaria-backend\NoahGameFrame\NFComm\NFCore\CMakeLists.txt" />
  </ItemGroup>
  <ItemGroup>
    <Filter Include="Header Files">
      <UniqueIdentifier>{126EBB5F-3AC9-33A4-8919-14446CA29346}</UniqueIdentifier>
    </Filter>
    <Filter Include="Source Files">
      <UniqueIdentifier>{32BF32AE-7BCF-3D0B-B9C9-83E3F6E86F82}</UniqueIdentifier>
    </Filter>
  </ItemGroup>
</Project>
