<?xml version="1.0" encoding="utf-8"?>
<Project ToolsVersion="16.0" xmlns="http://schemas.microsoft.com/developer/msbuild/2003">
  <ItemGroup>
    <ClCompile Include="C:\Pro\projects\adelaria-backend\NoahGameFrame\NFComm\NFRenderPlugin\NFRenderModule.cpp">
      <Filter>Source Files</Filter>
    </ClCompile>
    <ClCompile Include="C:\Pro\projects\adelaria-backend\NoahGameFrame\NFComm\NFRenderPlugin\NFRenderPlugin.cpp">
      <Filter>Source Files</Filter>
    </ClCompile>
    <ClCompile Include="C:\Pro\projects\adelaria-backend\NoahGameFrame\NFComm\NFRenderPlugin\NFUIModule.cpp">
      <Filter>Source Files</Filter>
    </ClCompile>
    <ClCompile Include="C:\Pro\projects\adelaria-backend\NoahGameFrame\NFComm\NFRenderPlugin\dllmain.cpp">
      <Filter>Source Files</Filter>
    </ClCompile>
    <ClCompile Include="C:\Pro\projects\adelaria-backend\NoahGameFrame\NFComm\NFRenderPlugin\UI\NFBluePrintView.cpp">
      <Filter>Source Files</Filter>
    </ClCompile>
    <ClCompile Include="C:\Pro\projects\adelaria-backend\NoahGameFrame\NFComm\NFRenderPlugin\UI\NFConsoleView.cpp">
      <Filter>Source Files</Filter>
    </ClCompile>
    <ClCompile Include="C:\Pro\projects\adelaria-backend\NoahGameFrame\NFComm\NFRenderPlugin\UI\NFContainerView.cpp">
      <Filter>Source Files</Filter>
    </ClCompile>
    <ClCompile Include="C:\Pro\projects\adelaria-backend\NoahGameFrame\NFComm\NFRenderPlugin\UI\NFGameView.cpp">
      <Filter>Source Files</Filter>
    </ClCompile>
    <ClCompile Include="C:\Pro\projects\adelaria-backend\NoahGameFrame\NFComm\NFRenderPlugin\UI\NFGodView.cpp">
      <Filter>Source Files</Filter>
    </ClCompile>
    <ClCompile Include="C:\Pro\projects\adelaria-backend\NoahGameFrame\NFComm\NFRenderPlugin\UI\NFHierarchyView.cpp">
      <Filter>Source Files</Filter>
    </ClCompile>
    <ClCompile Include="C:\Pro\projects\adelaria-backend\NoahGameFrame\NFComm\NFRenderPlugin\UI\NFInspectorView.cpp">
      <Filter>Source Files</Filter>
    </ClCompile>
    <ClCompile Include="C:\Pro\projects\adelaria-backend\NoahGameFrame\NFComm\NFRenderPlugin\UI\NFNodeSystem.cpp">
      <Filter>Source Files</Filter>
    </ClCompile>
    <ClCompile Include="C:\Pro\projects\adelaria-backend\NoahGameFrame\NFComm\NFRenderPlugin\UI\NFNodeView.cpp">
      <Filter>Source Files</Filter>
    </ClCompile>
    <ClCompile Include="C:\Pro\projects\adelaria-backend\NoahGameFrame\NFComm\NFRenderPlugin\UI\NFOperatorView.cpp">
      <Filter>Source Files</Filter>
    </ClCompile>
    <ClCompile Include="C:\Pro\projects\adelaria-backend\NoahGameFrame\NFComm\NFRenderPlugin\UI\NFProfileView.cpp">
      <Filter>Source Files</Filter>
    </ClCompile>
    <ClCompile Include="C:\Pro\projects\adelaria-backend\NoahGameFrame\NFComm\NFRenderPlugin\UI\NFProjectView.cpp">
      <Filter>Source Files</Filter>
    </ClCompile>
    <ClCompile Include="C:\Pro\projects\adelaria-backend\NoahGameFrame\NFComm\NFRenderPlugin\UI\NFSceneSystem.cpp">
      <Filter>Source Files</Filter>
    </ClCompile>
    <ClCompile Include="C:\Pro\projects\adelaria-backend\NoahGameFrame\NFComm\NFRenderPlugin\UI\NFSceneView.cpp">
      <Filter>Source Files</Filter>
    </ClCompile>
    <ClCompile Include="C:\Pro\projects\adelaria-backend\NoahGameFrame\NFComm\NFRenderPlugin\UI\NFTreeView.cpp">
      <Filter>Source Files</Filter>
    </ClCompile>
    <ClCompile Include="C:\Pro\projects\adelaria-backend\NoahGameFrame\NFComm\NFRenderPlugin\gl3w\GL\gl3w.c">
      <Filter>Source Files</Filter>
    </ClCompile>
    <ClCompile Include="C:\Pro\projects\adelaria-backend\NoahGameFrame\NFComm\NFRenderPlugin\imgui\imgui.cpp">
      <Filter>Source Files</Filter>
    </ClCompile>
    <ClCompile Include="C:\Pro\projects\adelaria-backend\NoahGameFrame\NFComm\NFRenderPlugin\imgui\imgui_demo.cpp">
      <Filter>Source Files</Filter>
    </ClCompile>
    <ClCompile Include="C:\Pro\projects\adelaria-backend\NoahGameFrame\NFComm\NFRenderPlugin\imgui\imgui_draw.cpp">
      <Filter>Source Files</Filter>
    </ClCompile>
    <ClCompile Include="C:\Pro\projects\adelaria-backend\NoahGameFrame\NFComm\NFRenderPlugin\imgui\imgui_impl_opengl3.cpp">
      <Filter>Source Files</Filter>
    </ClCompile>
    <ClCompile Include="C:\Pro\projects\adelaria-backend\NoahGameFrame\NFComm\NFRenderPlugin\imgui\imgui_impl_sdl.cpp">
      <Filter>Source Files</Filter>
    </ClCompile>
    <ClCompile Include="C:\Pro\projects\adelaria-backend\NoahGameFrame\NFComm\NFRenderPlugin\imgui\imgui_tables.cpp">
      <Filter>Source Files</Filter>
    </ClCompile>
    <ClCompile Include="C:\Pro\projects\adelaria-backend\NoahGameFrame\NFComm\NFRenderPlugin\imgui\imgui_widgets.cpp">
      <Filter>Source Files</Filter>
    </ClCompile>
    <ClCompile Include="C:\Pro\projects\adelaria-backend\NoahGameFrame\NFComm\NFRenderPlugin\imnodes\imnodes.cpp">
      <Filter>Source Files</Filter>
    </ClCompile>
  </ItemGroup>
  <ItemGroup>
    <ClInclude Include="C:\Pro\projects\adelaria-backend\NoahGameFrame\NFComm\NFRenderPlugin\NFRenderModule.h">
      <Filter>Header Files</Filter>
    </ClInclude>
    <ClInclude Include="C:\Pro\projects\adelaria-backend\NoahGameFrame\NFComm\NFRenderPlugin\NFRenderPlugin.h">
      <Filter>Header Files</Filter>
    </ClInclude>
    <ClInclude Include="C:\Pro\projects\adelaria-backend\NoahGameFrame\NFComm\NFRenderPlugin\NFUIModule.h">
      <Filter>Header Files</Filter>
    </ClInclude>
    <ClInclude Include="C:\Pro\projects\adelaria-backend\NoahGameFrame\NFComm\NFRenderPlugin\UI\NFBluePrintView.h">
      <Filter>Header Files</Filter>
    </ClInclude>
    <ClInclude Include="C:\Pro\projects\adelaria-backend\NoahGameFrame\NFComm\NFRenderPlugin\UI\NFConsoleView.h">
      <Filter>Header Files</Filter>
    </ClInclude>
    <ClInclude Include="C:\Pro\projects\adelaria-backend\NoahGameFrame\NFComm\NFRenderPlugin\UI\NFContainerView.h">
      <Filter>Header Files</Filter>
    </ClInclude>
    <ClInclude Include="C:\Pro\projects\adelaria-backend\NoahGameFrame\NFComm\NFRenderPlugin\UI\NFGameView.h">
      <Filter>Header Files</Filter>
    </ClInclude>
    <ClInclude Include="C:\Pro\projects\adelaria-backend\NoahGameFrame\NFComm\NFRenderPlugin\UI\NFGodView.h">
      <Filter>Header Files</Filter>
    </ClInclude>
    <ClInclude Include="C:\Pro\projects\adelaria-backend\NoahGameFrame\NFComm\NFRenderPlugin\UI\NFHierarchyView.h">
      <Filter>Header Files</Filter>
    </ClInclude>
    <ClInclude Include="C:\Pro\projects\adelaria-backend\NoahGameFrame\NFComm\NFRenderPlugin\UI\NFInspectorView.h">
      <Filter>Header Files</Filter>
    </ClInclude>
    <ClInclude Include="C:\Pro\projects\adelaria-backend\NoahGameFrame\NFComm\NFRenderPlugin\UI\NFNodeSystem.h">
      <Filter>Header Files</Filter>
    </ClInclude>
    <ClInclude Include="C:\Pro\projects\adelaria-backend\NoahGameFrame\NFComm\NFRenderPlugin\UI\NFNodeView.h">
      <Filter>Header Files</Filter>
    </ClInclude>
    <ClInclude Include="C:\Pro\projects\adelaria-backend\NoahGameFrame\NFComm\NFRenderPlugin\UI\NFOperatorView.h">
      <Filter>Header Files</Filter>
    </ClInclude>
    <ClInclude Include="C:\Pro\projects\adelaria-backend\NoahGameFrame\NFComm\NFRenderPlugin\UI\NFProfileView.h">
      <Filter>Header Files</Filter>
    </ClInclude>
    <ClInclude Include="C:\Pro\projects\adelaria-backend\NoahGameFrame\NFComm\NFRenderPlugin\UI\NFProjectView.h">
      <Filter>Header Files</Filter>
    </ClInclude>
    <ClInclude Include="C:\Pro\projects\adelaria-backend\NoahGameFrame\NFComm\NFRenderPlugin\UI\NFSceneSystem.h">
      <Filter>Header Files</Filter>
    </ClInclude>
    <ClInclude Include="C:\Pro\projects\adelaria-backend\NoahGameFrame\NFComm\NFRenderPlugin\UI\NFSceneView.h">
      <Filter>Header Files</Filter>
    </ClInclude>
    <ClInclude Include="C:\Pro\projects\adelaria-backend\NoahGameFrame\NFComm\NFRenderPlugin\UI\NFTreeView.h">
      <Filter>Header Files</Filter>
    </ClInclude>
    <ClInclude Include="C:\Pro\projects\adelaria-backend\NoahGameFrame\NFComm\NFRenderPlugin\gl3w\GL\gl3w.h">
      <Filter>Header Files</Filter>
    </ClInclude>
    <ClInclude Include="C:\Pro\projects\adelaria-backend\NoahGameFrame\NFComm\NFRenderPlugin\gl3w\GL\glcorearb.h">
      <Filter>Header Files</Filter>
    </ClInclude>
    <ClInclude Include="C:\Pro\projects\adelaria-backend\NoahGameFrame\NFComm\NFRenderPlugin\imgui\imconfig.h">
      <Filter>Header Files</Filter>
    </ClInclude>
    <ClInclude Include="C:\Pro\projects\adelaria-backend\NoahGameFrame\NFComm\NFRenderPlugin\imgui\imgui.h">
      <Filter>Header Files</Filter>
    </ClInclude>
    <ClInclude Include="C:\Pro\projects\adelaria-backend\NoahGameFrame\NFComm\NFRenderPlugin\imgui\imgui_impl_opengl3.h">
      <Filter>Header Files</Filter>
    </ClInclude>
    <ClInclude Include="C:\Pro\projects\adelaria-backend\NoahGameFrame\NFComm\NFRenderPlugin\imgui\imgui_impl_sdl.h">
      <Filter>Header Files</Filter>
    </ClInclude>
    <ClInclude Include="C:\Pro\projects\adelaria-backend\NoahGameFrame\NFComm\NFRenderPlugin\imgui\imgui_internal.h">
      <Filter>Header Files</Filter>
    </ClInclude>
    <ClInclude Include="C:\Pro\projects\adelaria-backend\NoahGameFrame\NFComm\NFRenderPlugin\imgui\imstb_rectpack.h">
      <Filter>Header Files</Filter>
    </ClInclude>
    <ClInclude Include="C:\Pro\projects\adelaria-backend\NoahGameFrame\NFComm\NFRenderPlugin\imgui\imstb_textedit.h">
      <Filter>Header Files</Filter>
    </ClInclude>
    <ClInclude Include="C:\Pro\projects\adelaria-backend\NoahGameFrame\NFComm\NFRenderPlugin\imgui\imstb_truetype.h">
      <Filter>Header Files</Filter>
    </ClInclude>
    <ClInclude Include="C:\Pro\projects\adelaria-backend\NoahGameFrame\NFComm\NFRenderPlugin\imnodes\imnodes.h">
      <Filter>Header Files</Filter>
    </ClInclude>
    <ClInclude Include="C:\Pro\projects\adelaria-backend\NoahGameFrame\NFComm\NFRenderPlugin\imnodes\stb_image.h">
      <Filter>Header Files</Filter>
    </ClInclude>
  </ItemGroup>
  <ItemGroup>
    <CustomBuild Include="C:\Pro\projects\adelaria-backend\NoahGameFrame\NFComm\NFRenderPlugin\CMakeLists.txt" />
  </ItemGroup>
  <ItemGroup>
    <Filter Include="Header Files">
      <UniqueIdentifier>{126EBB5F-3AC9-33A4-8919-14446CA29346}</UniqueIdentifier>
    </Filter>
    <Filter Include="Source Files">
      <UniqueIdentifier>{32BF32AE-7BCF-3D0B-B9C9-83E3F6E86F82}</UniqueIdentifier>
    </Filter>
  </ItemGroup>
</Project>
