<?xml version="1.0" encoding="utf-8"?>
<Project ToolsVersion="16.0" xmlns="http://schemas.microsoft.com/developer/msbuild/2003">
  <ItemGroup>
    <ClCompile Include="C:\Pro\projects\adelaria-backend\NoahGameFrame\NFComm\NFKernelPlugin\NFCellModule.cpp">
      <Filter>Source Files</Filter>
    </ClCompile>
    <ClCompile Include="C:\Pro\projects\adelaria-backend\NoahGameFrame\NFComm\NFKernelPlugin\NFDataTailModule.cpp">
      <Filter>Source Files</Filter>
    </ClCompile>
    <ClCompile Include="C:\Pro\projects\adelaria-backend\NoahGameFrame\NFComm\NFKernelPlugin\NFELOModule.cpp">
      <Filter>Source Files</Filter>
    </ClCompile>
    <ClCompile Include="C:\Pro\projects\adelaria-backend\NoahGameFrame\NFComm\NFKernelPlugin\NFErrorBusModule.cpp">
      <Filter>Source Files</Filter>
    </ClCompile>
    <ClCompile Include="C:\Pro\projects\adelaria-backend\NoahGameFrame\NFComm\NFKernelPlugin\NFEventModule.cpp">
      <Filter>Source Files</Filter>
    </ClCompile>
    <ClCompile Include="C:\Pro\projects\adelaria-backend\NoahGameFrame\NFComm\NFKernelPlugin\NFKernelModule.cpp">
      <Filter>Source Files</Filter>
    </ClCompile>
    <ClCompile Include="C:\Pro\projects\adelaria-backend\NoahGameFrame\NFComm\NFKernelPlugin\NFKernelPlugin.cpp">
      <Filter>Source Files</Filter>
    </ClCompile>
    <ClCompile Include="C:\Pro\projects\adelaria-backend\NoahGameFrame\NFComm\NFKernelPlugin\NFSceneModule.cpp">
      <Filter>Source Files</Filter>
    </ClCompile>
    <ClCompile Include="C:\Pro\projects\adelaria-backend\NoahGameFrame\NFComm\NFKernelPlugin\NFScheduleModule.cpp">
      <Filter>Source Files</Filter>
    </ClCompile>
    <ClCompile Include="C:\Pro\projects\adelaria-backend\NoahGameFrame\NFComm\NFKernelPlugin\NFThreadPoolModule.cpp">
      <Filter>Source Files</Filter>
    </ClCompile>
    <ClCompile Include="C:\Pro\projects\adelaria-backend\NoahGameFrame\NFComm\NFKernelPlugin\dllmain.cpp">
      <Filter>Source Files</Filter>
    </ClCompile>
  </ItemGroup>
  <ItemGroup>
    <ClInclude Include="C:\Pro\projects\adelaria-backend\NoahGameFrame\NFComm\NFKernelPlugin\NFCellModule.h">
      <Filter>Header Files</Filter>
    </ClInclude>
    <ClInclude Include="C:\Pro\projects\adelaria-backend\NoahGameFrame\NFComm\NFKernelPlugin\NFDataTailModule.h">
      <Filter>Header Files</Filter>
    </ClInclude>
    <ClInclude Include="C:\Pro\projects\adelaria-backend\NoahGameFrame\NFComm\NFKernelPlugin\NFELOModule.h">
      <Filter>Header Files</Filter>
    </ClInclude>
    <ClInclude Include="C:\Pro\projects\adelaria-backend\NoahGameFrame\NFComm\NFKernelPlugin\NFErrorBusModule.h">
      <Filter>Header Files</Filter>
    </ClInclude>
    <ClInclude Include="C:\Pro\projects\adelaria-backend\NoahGameFrame\NFComm\NFKernelPlugin\NFEventModule.h">
      <Filter>Header Files</Filter>
    </ClInclude>
    <ClInclude Include="C:\Pro\projects\adelaria-backend\NoahGameFrame\NFComm\NFKernelPlugin\NFKernelModule.h">
      <Filter>Header Files</Filter>
    </ClInclude>
    <ClInclude Include="C:\Pro\projects\adelaria-backend\NoahGameFrame\NFComm\NFKernelPlugin\NFKernelPlugin.h">
      <Filter>Header Files</Filter>
    </ClInclude>
    <ClInclude Include="C:\Pro\projects\adelaria-backend\NoahGameFrame\NFComm\NFKernelPlugin\NFSceneModule.h">
      <Filter>Header Files</Filter>
    </ClInclude>
    <ClInclude Include="C:\Pro\projects\adelaria-backend\NoahGameFrame\NFComm\NFKernelPlugin\NFScheduleModule.h">
      <Filter>Header Files</Filter>
    </ClInclude>
    <ClInclude Include="C:\Pro\projects\adelaria-backend\NoahGameFrame\NFComm\NFKernelPlugin\NFThreadPoolModule.h">
      <Filter>Header Files</Filter>
    </ClInclude>
  </ItemGroup>
  <ItemGroup>
    <CustomBuild Include="C:\Pro\projects\adelaria-backend\NoahGameFrame\NFComm\NFKernelPlugin\CMakeLists.txt" />
  </ItemGroup>
  <ItemGroup>
    <Filter Include="Header Files">
      <UniqueIdentifier>{126EBB5F-3AC9-33A4-8919-14446CA29346}</UniqueIdentifier>
    </Filter>
    <Filter Include="Source Files">
      <UniqueIdentifier>{32BF32AE-7BCF-3D0B-B9C9-83E3F6E86F82}</UniqueIdentifier>
    </Filter>
  </ItemGroup>
</Project>
